
Microsoft Visual Studio Solution File, Format Version 12.00
# Visual Studio Version 16
VisualStudioVersion = 16.0.31129.286
MinimumVisualStudioVersion = 10.0.40219.1
Project("{FAE04EC0-301F-11D3-BF4B-00C04F79EFBC}") = "Worker Income", "Worker Income\Worker Income.csproj", "{C41CD2B1-A828-401B-8CCC-A0BC59374AF1}"
EndProject
Global
	GlobalSection(SolutionConfigurationPlatforms) = preSolution
		Debug|Any CPU = Debug|Any CPU
		Release|Any CPU = Release|Any CPU
	EndGlobalSection
	GlobalSection(ProjectConfigurationPlatforms) = postSolution
		{C41CD2B1-A828-401B-8CCC-A0BC59374AF1}.Debug|Any CPU.ActiveCfg = Debug|Any CPU
		{C41CD2B1-A828-401B-8CCC-A0BC59374AF1}.Debug|Any CPU.Build.0 = Debug|Any CPU
		{C41CD2B1-A828-401B-8CCC-A0BC59374AF1}.Release|Any CPU.ActiveCfg = Release|Any CPU
		{C41CD2B1-A828-401B-8CCC-A0BC59374AF1}.Release|Any CPU.Build.0 = Release|Any CPU
	EndGlobalSection
	GlobalSection(SolutionProperties) = preSolution
		HideSolutionNode = FALSE
	EndGlobalSection
	GlobalSection(ExtensibilityGlobals) = postSolution
		SolutionGuid = {70FB4869-DA9A-4C3F-932F-5C4610E24847}
	EndGlobalSection
EndGlobal
